// !$*UTF8*$!
{
	archiveVersion = 1;
	classes = {
	};
	objectVersion = 50;
	objects = {

/* Begin PBXBuildFile section */
		720A15F324004D3F000A6027 /* AppDelegate.swift in Sources */ = {isa = PBXBuildFile; fileRef = 720A15F224004D3F000A6027 /* AppDelegate.swift */; };
		720A15F524004D3F000A6027 /* SceneDelegate.swift in Sources */ = {isa = PBXBuildFile; fileRef = 720A15F424004D3F000A6027 /* SceneDelegate.swift */; };
		720A15F824004D3F000A6027 /* SeqTimer.xcdatamodeld in Sources */ = {isa = PBXBuildFile; fileRef = 720A15F624004D3F000A6027 /* SeqTimer.xcdatamodeld */; };
		720A15FA24004D3F000A6027 /* ContentView.swift in Sources */ = {isa = PBXBuildFile; fileRef = 720A15F924004D3F000A6027 /* ContentView.swift */; };
		720A15FC24004D41000A6027 /* Assets.xcassets in Resources */ = {isa = PBXBuildFile; fileRef = 720A15FB24004D41000A6027 /* Assets.xcassets */; };
		720A15FF24004D41000A6027 /* Preview Assets.xcassets in Resources */ = {isa = PBXBuildFile; fileRef = 720A15FE24004D41000A6027 /* Preview Assets.xcassets */; };
		720A160224004D41000A6027 /* LaunchScreen.storyboard in Resources */ = {isa = PBXBuildFile; fileRef = 720A160024004D41000A6027 /* LaunchScreen.storyboard */; };
		720A160D24004D41000A6027 /* SeqTimerTests.swift in Sources */ = {isa = PBXBuildFile; fileRef = 720A160C24004D41000A6027 /* SeqTimerTests.swift */; };
		720A161824004D41000A6027 /* SeqTimerUITests.swift in Sources */ = {isa = PBXBuildFile; fileRef = 720A161724004D41000A6027 /* SeqTimerUITests.swift */; };
/* End PBXBuildFile section */

/* Begin PBXContainerItemProxy section */
		720A160924004D41000A6027 /* PBXContainerItemProxy */ = {
			isa = PBXContainerItemProxy;
			containerPortal = 720A15E724004D3F000A6027 /* Project object */;
			proxyType = 1;
			remoteGlobalIDString = 720A15EE24004D3F000A6027;
			remoteInfo = SeqTimer;
		};
		720A161424004D41000A6027 /* PBXContainerItemProxy */ = {
			isa = PBXContainerItemProxy;
			containerPortal = 720A15E724004D3F000A6027 /* Project object */;
			proxyType = 1;
			remoteGlobalIDString = 720A15EE24004D3F000A6027;
			remoteInfo = SeqTimer;
		};
/* End PBXContainerItemProxy section */

/* Begin PBXFileReference section */
		720A15EF24004D3F000A6027 /* SeqTimer.app */ = {isa = PBXFileReference; explicitFileType = wrapper.application; includeInIndex = 0; path = SeqTimer.app; sourceTree = BUILT_PRODUCTS_DIR; };
		720A15F224004D3F000A6027 /* AppDelegate.swift */ = {isa = PBXFileReference; lastKnownFileType = sourcecode.swift; path = AppDelegate.swift; sourceTree = "<group>"; };
		720A15F424004D3F000A6027 /* SceneDelegate.swift */ = {isa = PBXFileReference; lastKnownFileType = sourcecode.swift; path = SceneDelegate.swift; sourceTree = "<group>"; };
		720A15F724004D3F000A6027 /* SeqTimer.xcdatamodel */ = {isa = PBXFileReference; lastKnownFileType = wrapper.xcdatamodel; path = SeqTimer.xcdatamodel; sourceTree = "<group>"; };
		720A15F924004D3F000A6027 /* ContentView.swift */ = {isa = PBXFileReference; lastKnownFileType = sourcecode.swift; path = ContentView.swift; sourceTree = "<group>"; };
		720A15FB24004D41000A6027 /* Assets.xcassets */ = {isa = PBXFileReference; lastKnownFileType = folder.assetcatalog; path = Assets.xcassets; sourceTree = "<group>"; };
		720A15FE24004D41000A6027 /* Preview Assets.xcassets */ = {isa = PBXFileReference; lastKnownFileType = folder.assetcatalog; path = "Preview Assets.xcassets"; sourceTree = "<group>"; };
		720A160124004D41000A6027 /* Base */ = {isa = PBXFileReference; lastKnownFileType = file.storyboard; name = Base; path = Base.lproj/LaunchScreen.storyboard; sourceTree = "<group>"; };
		720A160324004D41000A6027 /* Info.plist */ = {isa = PBXFileReference; lastKnownFileType = text.plist.xml; path = Info.plist; sourceTree = "<group>"; };
		720A160824004D41000A6027 /* SeqTimerTests.xctest */ = {isa = PBXFileReference; explicitFileType = wrapper.cfbundle; includeInIndex = 0; path = SeqTimerTests.xctest; sourceTree = BUILT_PRODUCTS_DIR; };
		720A160C24004D41000A6027 /* SeqTimerTests.swift */ = {isa = PBXFileReference; lastKnownFileType = sourcecode.swift; path = SeqTimerTests.swift; sourceTree = "<group>"; };
		720A160E24004D41000A6027 /* Info.plist */ = {isa = PBXFileReference; lastKnownFileType = text.plist.xml; path = Info.plist; sourceTree = "<group>"; };
		720A161324004D41000A6027 /* SeqTimerUITests.xctest */ = {isa = PBXFileReference; explicitFileType = wrapper.cfbundle; includeInIndex = 0; path = SeqTimerUITests.xctest; sourceTree = BUILT_PRODUCTS_DIR; };
		720A161724004D41000A6027 /* SeqTimerUITests.swift */ = {isa = PBXFileReference; lastKnownFileType = sourcecode.swift; path = SeqTimerUITests.swift; sourceTree = "<group>"; };
		720A161924004D41000A6027 /* Info.plist */ = {isa = PBXFileReference; lastKnownFileType = text.plist.xml; path = Info.plist; sourceTree = "<group>"; };
/* End PBXFileReference section */

/* Begin PBXFrameworksBuildPhase section */
		720A15EC24004D3F000A6027 /* Frameworks */ = {
			isa = PBXFrameworksBuildPhase;
			buildActionMask = 2147483647;
			files = (
			);
			runOnlyForDeploymentPostprocessing = 0;
		};
		720A160524004D41000A6027 /* Frameworks */ = {
			isa = PBXFrameworksBuildPhase;
			buildActionMask = 2147483647;
			files = (
			);
			runOnlyForDeploymentPostprocessing = 0;
		};
		720A161024004D41000A6027 /* Frameworks */ = {
			isa = PBXFrameworksBuildPhase;
			buildActionMask = 2147483647;
			files = (
			);
			runOnlyForDeploymentPostprocessing = 0;
		};
/* End PBXFrameworksBuildPhase section */

/* Begin PBXGroup section */
		720A15E624004D3F000A6027 = {
			isa = PBXGroup;
			children = (
				720A15F124004D3F000A6027 /* SeqTimer */,
				720A160B24004D41000A6027 /* SeqTimerTests */,
				720A161624004D41000A6027 /* SeqTimerUITests */,
				720A15F024004D3F000A6027 /* Products */,
			);
			sourceTree = "<group>";
		};
		720A15F024004D3F000A6027 /* Products */ = {
			isa = PBXGroup;
			children = (
				720A15EF24004D3F000A6027 /* SeqTimer.app */,
				720A160824004D41000A6027 /* SeqTimerTests.xctest */,
				720A161324004D41000A6027 /* SeqTimerUITests.xctest */,
			);
			name = Products;
			sourceTree = "<group>";
		};
		720A15F124004D3F000A6027 /* SeqTimer */ = {
			isa = PBXGroup;
			children = (
				720A15F224004D3F000A6027 /* AppDelegate.swift */,
				720A15F424004D3F000A6027 /* SceneDelegate.swift */,
				720A15F924004D3F000A6027 /* ContentView.swift */,
				720A15FB24004D41000A6027 /* Assets.xcassets */,
				720A160024004D41000A6027 /* LaunchScreen.storyboard */,
				720A160324004D41000A6027 /* Info.plist */,
				720A15F624004D3F000A6027 /* SeqTimer.xcdatamodeld */,
				720A15FD24004D41000A6027 /* Preview Content */,
			);
			path = SeqTimer;
			sourceTree = "<group>";
		};
		720A15FD24004D41000A6027 /* Preview Content */ = {
			isa = PBXGroup;
			children = (
				720A15FE24004D41000A6027 /* Preview Assets.xcassets */,
			);
			path = "Preview Content";
			sourceTree = "<group>";
		};
		720A160B24004D41000A6027 /* SeqTimerTests */ = {
			isa = PBXGroup;
			children = (
				720A160C24004D41000A6027 /* SeqTimerTests.swift */,
				720A160E24004D41000A6027 /* Info.plist */,
			);
			path = SeqTimerTests;
			sourceTree = "<group>";
		};
		720A161624004D41000A6027 /* SeqTimerUITests */ = {
			isa = PBXGroup;
			children = (
				720A161724004D41000A6027 /* SeqTimerUITests.swift */,
				720A161924004D41000A6027 /* Info.plist */,
			);
			path = SeqTimerUITests;
			sourceTree = "<group>";
		};
/* End PBXGroup section */

/* Begin PBXNativeTarget section */
		720A15EE24004D3F000A6027 /* SeqTimer */ = {
			isa = PBXNativeTarget;
			buildConfigurationList = 720A161C24004D41000A6027 /* Build configuration list for PBXNativeTarget "SeqTimer" */;
			buildPhases = (
				720A15EB24004D3F000A6027 /* Sources */,
				720A15EC24004D3F000A6027 /* Frameworks */,
				720A15ED24004D3F000A6027 /* Resources */,
			);
			buildRules = (
			);
			dependencies = (
			);
			name = SeqTimer;
			productName = SeqTimer;
			productReference = 720A15EF24004D3F000A6027 /* SeqTimer.app */;
			productType = "com.apple.product-type.application";
		};
		720A160724004D41000A6027 /* SeqTimerTests */ = {
			isa = PBXNativeTarget;
			buildConfigurationList = 720A161F24004D41000A6027 /* Build configuration list for PBXNativeTarget "SeqTimerTests" */;
			buildPhases = (
				720A160424004D41000A6027 /* Sources */,
				720A160524004D41000A6027 /* Frameworks */,
				720A160624004D41000A6027 /* Resources */,
			);
			buildRules = (
			);
			dependencies = (
				720A160A24004D41000A6027 /* PBXTargetDependency */,
			);
			name = SeqTimerTests;
			productName = SeqTimerTests;
			productReference = 720A160824004D41000A6027 /* SeqTimerTests.xctest */;
			productType = "com.apple.product-type.bundle.unit-test";
		};
		720A161224004D41000A6027 /* SeqTimerUITests */ = {
			isa = PBXNativeTarget;
			buildConfigurationList = 720A162224004D41000A6027 /* Build configuration list for PBXNativeTarget "SeqTimerUITests" */;
			buildPhases = (
				720A160F24004D41000A6027 /* Sources */,
				720A161024004D41000A6027 /* Frameworks */,
				720A161124004D41000A6027 /* Resources */,
			);
			buildRules = (
			);
			dependencies = (
				720A161524004D41000A6027 /* PBXTargetDependency */,
			);
			name = SeqTimerUITests;
			productName = SeqTimerUITests;
			productReference = 720A161324004D41000A6027 /* SeqTimerUITests.xctest */;
			productType = "com.apple.product-type.bundle.ui-testing";
		};
/* End PBXNativeTarget section */

/* Begin PBXProject section */
		720A15E724004D3F000A6027 /* Project object */ = {
			isa = PBXProject;
			attributes = {
				LastSwiftUpdateCheck = 1130;
				LastUpgradeCheck = 1130;
				ORGANIZATIONNAME = "Sangkon Han";
				TargetAttributes = {
					720A15EE24004D3F000A6027 = {
						CreatedOnToolsVersion = 11.3.1;
					};
					720A160724004D41000A6027 = {
						CreatedOnToolsVersion = 11.3.1;
						TestTargetID = 720A15EE24004D3F000A6027;
					};
					720A161224004D41000A6027 = {
						CreatedOnToolsVersion = 11.3.1;
						TestTargetID = 720A15EE24004D3F000A6027;
					};
				};
			};
			buildConfigurationList = 720A15EA24004D3F000A6027 /* Build configuration list for PBXProject "SeqTimer" */;
			compatibilityVersion = "Xcode 9.3";
			developmentRegion = en;
			hasScannedForEncodings = 0;
			knownRegions = (
				en,
				Base,
			);
			mainGroup = 720A15E624004D3F000A6027;
			productRefGroup = 720A15F024004D3F000A6027 /* Products */;
			projectDirPath = "";
			projectRoot = "";
			targets = (
				720A15EE24004D3F000A6027 /* SeqTimer */,
				720A160724004D41000A6027 /* SeqTimerTests */,
				720A161224004D41000A6027 /* SeqTimerUITests */,
			);
		};
/* End PBXProject section */

/* Begin PBXResourcesBuildPhase section */
		720A15ED24004D3F000A6027 /* Resources */ = {
			isa = PBXResourcesBuildPhase;
			buildActionMask = 2147483647;
			files = (
				720A160224004D41000A6027 /* LaunchScreen.storyboard in Resources */,
				720A15FF24004D41000A6027 /* Preview Assets.xcassets in Resources */,
				720A15FC24004D41000A6027 /* Assets.xcassets in Resources */,
			);
			runOnlyForDeploymentPostprocessing = 0;
		};
		720A160624004D41000A6027 /* Resources */ = {
			isa = PBXResourcesBuildPhase;
			buildActionMask = 2147483647;
			files = (
			);
			runOnlyForDeploymentPostprocessing = 0;
		};
		720A161124004D41000A6027 /* Resources */ = {
			isa = PBXResourcesBuildPhase;
			buildActionMask = 2147483647;
			files = (
			);
			runOnlyForDeploymentPostprocessing = 0;
		};
/* End PBXResourcesBuildPhase section */

/* Begin PBXSourcesBuildPhase section */
		720A15EB24004D3F000A6027 /* Sources */ = {
			isa = PBXSourcesBuildPhase;
			buildActionMask = 2147483647;
			files = (
				720A15F324004D3F000A6027 /* AppDelegate.swift in Sources */,
				720A15F824004D3F000A6027 /* SeqTimer.xcdatamodeld in Sources */,
				720A15FA24004D3F000A6027 /* ContentView.swift in Sources */,
				720A15F524004D3F000A6027 /* SceneDelegate.swift in Sources */,
			);
			runOnlyForDeploymentPostprocessing = 0;
		};
		720A160424004D41000A6027 /* Sources */ = {
			isa = PBXSourcesBuildPhase;
			buildActionMask = 2147483647;
			files = (
				720A160D24004D41000A6027 /* SeqTimerTests.swift in Sources */,
			);
			runOnlyForDeploymentPostprocessing = 0;
		};
		720A160F24004D41000A6027 /* Sources */ = {
			isa = PBXSourcesBuildPhase;
			buildActionMask = 2147483647;
			files = (
				720A161824004D41000A6027 /* SeqTimerUITests.swift in Sources */,
			);
			runOnlyForDeploymentPostprocessing = 0;
		};
/* End PBXSourcesBuildPhase section */

/* Begin PBXTargetDependency section */
		720A160A24004D41000A6027 /* PBXTargetDependency */ = {
			isa = PBXTargetDependency;
			target = 720A15EE24004D3F000A6027 /* SeqTimer */;
			targetProxy = 720A160924004D41000A6027 /* PBXContainerItemProxy */;
		};
		720A161524004D41000A6027 /* PBXTargetDependency */ = {
			isa = PBXTargetDependency;
			target = 720A15EE24004D3F000A6027 /* SeqTimer */;
			targetProxy = 720A161424004D41000A6027 /* PBXContainerItemProxy */;
		};
/* End PBXTargetDependency section */

/* Begin PBXVariantGroup section */
		720A160024004D41000A6027 /* LaunchScreen.storyboard */ = {
			isa = PBXVariantGroup;
			children = (
				720A160124004D41000A6027 /* Base */,
			);
			name = LaunchScreen.storyboard;
			sourceTree = "<group>";
		};
/* End PBXVariantGroup section */

/* Begin XCBuildConfiguration section */
		720A161A24004D41000A6027 /* Debug */ = {
			isa = XCBuildConfiguration;
			buildSettings = {
				ALWAYS_SEARCH_USER_PATHS = NO;
				CLANG_ANALYZER_NONNULL = YES;
				CLANG_ANALYZER_NUMBER_OBJECT_CONVERSION = YES_AGGRESSIVE;
				CLANG_CXX_LANGUAGE_STANDARD = "gnu++14";
				CLANG_CXX_LIBRARY = "libc++";
				CLANG_ENABLE_MODULES = YES;
				CLANG_ENABLE_OBJC_ARC = YES;
				CLANG_ENABLE_OBJC_WEAK = YES;
				CLANG_WARN_BLOCK_CAPTURE_AUTORELEASING = YES;
				CLANG_WARN_BOOL_CONVERSION = YES;
				CLANG_WARN_COMMA = YES;
				CLANG_WARN_CONSTANT_CONVERSION = YES;
				CLANG_WARN_DEPRECATED_OBJC_IMPLEMENTATIONS = YES;
				CLANG_WARN_DIRECT_OBJC_ISA_USAGE = YES_ERROR;
				CLANG_WARN_DOCUMENTATION_COMMENTS = YES;
				CLANG_WARN_EMPTY_BODY = YES;
				CLANG_WARN_ENUM_CONVERSION = YES;
				CLANG_WARN_INFINITE_RECURSION = YES;
				CLANG_WARN_INT_CONVERSION = YES;
				CLANG_WARN_NON_LITERAL_NULL_CONVERSION = YES;
				CLANG_WARN_OBJC_IMPLICIT_RETAIN_SELF = YES;
				CLANG_WARN_OBJC_LITERAL_CONVERSION = YES;
				CLANG_WARN_OBJC_ROOT_CLASS = YES_ERROR;
				CLANG_WARN_RANGE_LOOP_ANALYSIS = YES;
				CLANG_WARN_STRICT_PROTOTYPES = YES;
				CLANG_WARN_SUSPICIOUS_MOVE = YES;
				CLANG_WARN_UNGUARDED_AVAILABILITY = YES_AGGRESSIVE;
				CLANG_WARN_UNREACHABLE_CODE = YES;
				CLANG_WARN__DUPLICATE_METHOD_MATCH = YES;
				COPY_PHASE_STRIP = NO;
				DEBUG_INFORMATION_FORMAT = dwarf;
				ENABLE_STRICT_OBJC_MSGSEND = YES;
				ENABLE_TESTABILITY = YES;
				GCC_C_LANGUAGE_STANDARD = gnu11;
				GCC_DYNAMIC_NO_PIC = NO;
				GCC_NO_COMMON_BLOCKS = YES;
				GCC_OPTIMIZATION_LEVEL = 0;
				GCC_PREPROCESSOR_DEFINITIONS = (
					"DEBUG=1",
					"$(inherited)",
				);
				GCC_WARN_64_TO_32_BIT_CONVERSION = YES;
				GCC_WARN_ABOUT_RETURN_TYPE = YES_ERROR;
				GCC_WARN_UNDECLARED_SELECTOR = YES;
				GCC_WARN_UNINITIALIZED_AUTOS = YES_AGGRESSIVE;
				GCC_WARN_UNUSED_FUNCTION = YES;
				GCC_WARN_UNUSED_VARIABLE = YES;
				IPHONEOS_DEPLOYMENT_TARGET = 13.2;
				MTL_ENABLE_DEBUG_INFO = INCLUDE_SOURCE;
				MTL_FAST_MATH = YES;
				ONLY_ACTIVE_ARCH = YES;
				SDKROOT = iphoneos;
				SWIFT_ACTIVE_COMPILATION_CONDITIONS = DEBUG;
				SWIFT_OPTIMIZATION_LEVEL = "-Onone";
			};
			name = Debug;
		};
		720A161B24004D41000A6027 /* Release */ = {
			isa = XCBuildConfiguration;
			buildSettings = {
				ALWAYS_SEARCH_USER_PATHS = NO;
				CLANG_ANALYZER_NONNULL = YES;
				CLANG_ANALYZER_NUMBER_OBJECT_CONVERSION = YES_AGGRESSIVE;
				CLANG_CXX_LANGUAGE_STANDARD = "gnu++14";
				CLANG_CXX_LIBRARY = "libc++";
				CLANG_ENABLE_MODULES = YES;
				CLANG_ENABLE_OBJC_ARC = YES;
				CLANG_ENABLE_OBJC_WEAK = YES;
				CLANG_WARN_BLOCK_CAPTURE_AUTORELEASING = YES;
				CLANG_WARN_BOOL_CONVERSION = YES;
				CLANG_WARN_COMMA = YES;
				CLANG_WARN_CONSTANT_CONVERSION = YES;
				CLANG_WARN_DEPRECATED_OBJC_IMPLEMENTATIONS = YES;
				CLANG_WARN_DIRECT_OBJC_ISA_USAGE = YES_ERROR;
				CLANG_WARN_DOCUMENTATION_COMMENTS = YES;
				CLANG_WARN_EMPTY_BODY = YES;
				CLANG_WARN_ENUM_CONVERSION = YES;
				CLANG_WARN_INFINITE_RECURSION = YES;
				CLANG_WARN_INT_CONVERSION = YES;
				CLANG_WARN_NON_LITERAL_NULL_CONVERSION = YES;
				CLANG_WARN_OBJC_IMPLICIT_RETAIN_SELF = YES;
				CLANG_WARN_OBJC_LITERAL_CONVERSION = YES;
				CLANG_WARN_OBJC_ROOT_CLASS = YES_ERROR;
				CLANG_WARN_RANGE_LOOP_ANALYSIS = YES;
				CLANG_WARN_STRICT_PROTOTYPES = YES;
				CLANG_WARN_SUSPICIOUS_MOVE = YES;
				CLANG_WARN_UNGUARDED_AVAILABILITY = YES_AGGRESSIVE;
				CLANG_WARN_UNREACHABLE_CODE = YES;
				CLANG_WARN__DUPLICATE_METHOD_MATCH = YES;
				COPY_PHASE_STRIP = NO;
				DEBUG_INFORMATION_FORMAT = "dwarf-with-dsym";
				ENABLE_NS_ASSERTIONS = NO;
				ENABLE_STRICT_OBJC_MSGSEND = YES;
				GCC_C_LANGUAGE_STANDARD = gnu11;
				GCC_NO_COMMON_BLOCKS = YES;
				GCC_WARN_64_TO_32_BIT_CONVERSION = YES;
				GCC_WARN_ABOUT_RETURN_TYPE = YES_ERROR;
				GCC_WARN_UNDECLARED_SELECTOR = YES;
				GCC_WARN_UNINITIALIZED_AUTOS = YES_AGGRESSIVE;
				GCC_WARN_UNUSED_FUNCTION = YES;
				GCC_WARN_UNUSED_VARIABLE = YES;
				IPHONEOS_DEPLOYMENT_TARGET = 13.2;
				MTL_ENABLE_DEBUG_INFO = NO;
				MTL_FAST_MATH = YES;
				SDKROOT = iphoneos;
				SWIFT_COMPILATION_MODE = wholemodule;
				SWIFT_OPTIMIZATION_LEVEL = "-O";
				VALIDATE_PRODUCT = YES;
			};
			name = Release;
		};
		720A161D24004D41000A6027 /* Debug */ = {
			isa = XCBuildConfiguration;
			buildSettings = {
				ASSETCATALOG_COMPILER_APPICON_NAME = AppIcon;
				CODE_SIGN_STYLE = Automatic;
				DEVELOPMENT_ASSET_PATHS = "\"SeqTimer/Preview Content\"";
				DEVELOPMENT_TEAM = 8SK596U56V;
				ENABLE_PREVIEWS = YES;
				INFOPLIST_FILE = SeqTimer/Info.plist;
				LD_RUNPATH_SEARCH_PATHS = (
					"$(inherited)",
					"@executable_path/Frameworks",
				);
				PRODUCT_BUNDLE_IDENTIFIER = com.sangkon.SeqTimer;
				PRODUCT_NAME = "$(TARGET_NAME)";
				SWIFT_VERSION = 5.0;
				TARGETED_DEVICE_FAMILY = "1,2";
			};
			name = Debug;
		};
		720A161E24004D41000A6027 /* Release */ = {
			isa = XCBuildConfiguration;
			buildSettings = {
				ASSETCATALOG_COMPILER_APPICON_NAME = AppIcon;
				CODE_SIGN_STYLE = Automatic;
				DEVELOPMENT_ASSET_PATHS = "\"SeqTimer/Preview Content\"";
				DEVELOPMENT_TEAM = 8SK596U56V;
				ENABLE_PREVIEWS = YES;
				INFOPLIST_FILE = SeqTimer/Info.plist;
				LD_RUNPATH_SEARCH_PATHS = (
					"$(inherited)",
					"@executable_path/Frameworks",
				);
				PRODUCT_BUNDLE_IDENTIFIER = com.sangkon.SeqTimer;
				PRODUCT_NAME = "$(TARGET_NAME)";
				SWIFT_VERSION = 5.0;
				TARGETED_DEVICE_FAMILY = "1,2";
			};
			name = Release;
		};
		720A162024004D41000A6027 /* Debug */ = {
			isa = XCBuildConfiguration;
			buildSettings = {
				ALWAYS_EMBED_SWIFT_STANDARD_LIBRARIES = YES;
				BUNDLE_LOADER = "$(TEST_HOST)";
				CODE_SIGN_STYLE = Automatic;
				DEVELOPMENT_TEAM = 8SK596U56V;
				INFOPLIST_FILE = SeqTimerTests/Info.plist;
				IPHONEOS_DEPLOYMENT_TARGET = 13.2;
				LD_RUNPATH_SEARCH_PATHS = (
					"$(inherited)",
					"@executable_path/Frameworks",
					"@loader_path/Frameworks",
				);
				PRODUCT_BUNDLE_IDENTIFIER = com.sangkon.SeqTimerTests;
				PRODUCT_NAME = "$(TARGET_NAME)";
				SWIFT_VERSION = 5.0;
				TARGETED_DEVICE_FAMILY = "1,2";
				TEST_HOST = "$(BUILT_PRODUCTS_DIR)/SeqTimer.app/SeqTimer";
			};
			name = Debug;
		};
		720A162124004D41000A6027 /* Release */ = {
			isa = XCBuildConfiguration;
			buildSettings = {
				ALWAYS_EMBED_SWIFT_STANDARD_LIBRARIES = YES;
				BUNDLE_LOADER = "$(TEST_HOST)";
				CODE_SIGN_STYLE = Automatic;
				DEVELOPMENT_TEAM = 8SK596U56V;
				INFOPLIST_FILE = SeqTimerTests/Info.plist;
				IPHONEOS_DEPLOYMENT_TARGET = 13.2;
				LD_RUNPATH_SEARCH_PATHS = (
					"$(inherited)",
					"@executable_path/Frameworks",
					"@loader_path/Frameworks",
				);
				PRODUCT_BUNDLE_IDENTIFIER = com.sangkon.SeqTimerTests;
				PRODUCT_NAME = "$(TARGET_NAME)";
				SWIFT_VERSION = 5.0;
				TARGETED_DEVICE_FAMILY = "1,2";
				TEST_HOST = "$(BUILT_PRODUCTS_DIR)/SeqTimer.app/SeqTimer";
			};
			name = Release;
		};
		720A162324004D41000A6027 /* Debug */ = {
			isa = XCBuildConfiguration;
			buildSettings = {
				ALWAYS_EMBED_SWIFT_STANDARD_LIBRARIES = YES;
				CODE_SIGN_STYLE = Automatic;
				DEVELOPMENT_TEAM = 8SK596U56V;
				INFOPLIST_FILE = SeqTimerUITests/Info.plist;
				LD_RUNPATH_SEARCH_PATHS = (
					"$(inherited)",
					"@executable_path/Frameworks",
					"@loader_path/Frameworks",
				);
				PRODUCT_BUNDLE_IDENTIFIER = com.sangkon.SeqTimerUITests;
				PRODUCT_NAME = "$(TARGET_NAME)";
				SWIFT_VERSION = 5.0;
				TARGETED_DEVICE_FAMILY = "1,2";
				TEST_TARGET_NAME = SeqTimer;
			};
			name = Debug;
		};
		720A162424004D41000A6027 /* Release */ = {
			isa = XCBuildConfiguration;
			buildSettings = {
				ALWAYS_EMBED_SWIFT_STANDARD_LIBRARIES = YES;
				CODE_SIGN_STYLE = Automatic;
				DEVELOPMENT_TEAM = 8SK596U56V;
				INFOPLIST_FILE = SeqTimerUITests/Info.plist;
				LD_RUNPATH_SEARCH_PATHS = (
					"$(inherited)",
					"@executable_path/Frameworks",
					"@loader_path/Frameworks",
				);
				PRODUCT_BUNDLE_IDENTIFIER = com.sangkon.SeqTimerUITests;
				PRODUCT_NAME = "$(TARGET_NAME)";
				SWIFT_VERSION = 5.0;
				TARGETED_DEVICE_FAMILY = "1,2";
				TEST_TARGET_NAME = SeqTimer;
			};
			name = Release;
		};
/* End XCBuildConfiguration section */

/* Begin XCConfigurationList section */
		720A15EA24004D3F000A6027 /* Build configuration list for PBXProject "SeqTimer" */ = {
			isa = XCConfigurationList;
			buildConfigurations = (
				720A161A24004D41000A6027 /* Debug */,
				720A161B24004D41000A6027 /* Release */,
			);
			defaultConfigurationIsVisible = 0;
			defaultConfigurationName = Release;
		};
		720A161C24004D41000A6027 /* Build configuration list for PBXNativeTarget "SeqTimer" */ = {
			isa = XCConfigurationList;
			buildConfigurations = (
				720A161D24004D41000A6027 /* Debug */,
				720A161E24004D41000A6027 /* Release */,
			);
			defaultConfigurationIsVisible = 0;
			defaultConfigurationName = Release;
		};
		720A161F24004D41000A6027 /* Build configuration list for PBXNativeTarget "SeqTimerTests" */ = {
			isa = XCConfigurationList;
			buildConfigurations = (
				720A162024004D41000A6027 /* Debug */,
				720A162124004D41000A6027 /* Release */,
			);
			defaultConfigurationIsVisible = 0;
			defaultConfigurationName = Release;
		};
		720A162224004D41000A6027 /* Build configuration list for PBXNativeTarget "SeqTimerUITests" */ = {
			isa = XCConfigurationList;
			buildConfigurations = (
				720A162324004D41000A6027 /* Debug */,
				720A162424004D41000A6027 /* Release */,
			);
			defaultConfigurationIsVisible = 0;
			defaultConfigurationName = Release;
		};
/* End XCConfigurationList section */

/* Begin XCVersionGroup section */
		720A15F624004D3F000A6027 /* SeqTimer.xcdatamodeld */ = {
			isa = XCVersionGroup;
			children = (
				720A15F724004D3F000A6027 /* SeqTimer.xcdatamodel */,
			);
			currentVersion = 720A15F724004D3F000A6027 /* SeqTimer.xcdatamodel */;
			path = SeqTimer.xcdatamodeld;
			sourceTree = "<group>";
			versionGroupType = wrapper.xcdatamodel;
		};
/* End XCVersionGroup section */
	};
	rootObject = 720A15E724004D3F000A6027 /* Project object */;
}
